// !$*UTF8*$!
{
	archiveVersion = 1;
	classes = {
	};
	objectVersion = 50;
	objects = {

/* Begin PBXBuildFile section */
		CABDF1192590FD56006F420A /* AppDelegate.swift in Sources */ = {isa = PBXBuildFile; fileRef = CABDF1182590FD56006F420A /* AppDelegate.swift */; };
		CABDF11B2590FD56006F420A /* ViewController.swift in Sources */ = {isa = PBXBuildFile; fileRef = CABDF11A2590FD56006F420A /* ViewController.swift */; };
		CABDF11D2590FD57006F420A /* Assets.xcassets in Resources */ = {isa = PBXBuildFile; fileRef = CABDF11C2590FD57006F420A /* Assets.xcassets */; };
		CABDF1202590FD57006F420A /* Main.storyboard in Resources */ = {isa = PBXBuildFile; fileRef = CABDF11E2590FD57006F420A /* Main.storyboard */; };
		CABDF13225911675006F420A /* MyApplication.swift in Sources */ = {isa = PBXBuildFile; fileRef = CABDF12E25911571006F420A /* MyApplication.swift */; };
		CABDF136259138E8006F420A /* AggregateVolumeControl.swift in Sources */ = {isa = PBXBuildFile; fileRef = CABDF135259138E8006F420A /* AggregateVolumeControl.swift */; };
/* End PBXBuildFile section */

/* Begin PBXFileReference section */
		CABDF1152590FD56006F420A /* AggregateVolumeMenu.app */ = {isa = PBXFileReference; explicitFileType = wrapper.application; includeInIndex = 0; path = AggregateVolumeMenu.app; sourceTree = BUILT_PRODUCTS_DIR; };
		CABDF1182590FD56006F420A /* AppDelegate.swift */ = {isa = PBXFileReference; lastKnownFileType = sourcecode.swift; path = AppDelegate.swift; sourceTree = "<group>"; };
		CABDF11A2590FD56006F420A /* ViewController.swift */ = {isa = PBXFileReference; lastKnownFileType = sourcecode.swift; path = ViewController.swift; sourceTree = "<group>"; };
		CABDF11C2590FD57006F420A /* Assets.xcassets */ = {isa = PBXFileReference; lastKnownFileType = folder.assetcatalog; path = Assets.xcassets; sourceTree = "<group>"; };
		CABDF11F2590FD57006F420A /* Base */ = {isa = PBXFileReference; lastKnownFileType = file.storyboard; name = Base; path = Base.lproj/Main.storyboard; sourceTree = "<group>"; };
		CABDF1212590FD57006F420A /* Info.plist */ = {isa = PBXFileReference; lastKnownFileType = text.plist.xml; path = Info.plist; sourceTree = "<group>"; };
		CABDF1222590FD57006F420A /* AggregateVolumeMenu.entitlements */ = {isa = PBXFileReference; lastKnownFileType = text.plist.entitlements; path = AggregateVolumeMenu.entitlements; sourceTree = "<group>"; };
		CABDF12E25911571006F420A /* MyApplication.swift */ = {isa = PBXFileReference; lastKnownFileType = sourcecode.swift; path = MyApplication.swift; sourceTree = "<group>"; };
		CABDF135259138E8006F420A /* AggregateVolumeControl.swift */ = {isa = PBXFileReference; lastKnownFileType = sourcecode.swift; path = AggregateVolumeControl.swift; sourceTree = "<group>"; };
/* End PBXFileReference section */

/* Begin PBXFrameworksBuildPhase section */
		CABDF1122590FD56006F420A /* Frameworks */ = {
			isa = PBXFrameworksBuildPhase;
			buildActionMask = 2147483647;
			files = (
			);
			runOnlyForDeploymentPostprocessing = 0;
		};
/* End PBXFrameworksBuildPhase section */

/* Begin PBXGroup section */
		CABDF10C2590FD56006F420A = {
			isa = PBXGroup;
			children = (
				CABDF1172590FD56006F420A /* AggregateVolumeMenu */,
				CABDF1162590FD56006F420A /* Products */,
			);
			sourceTree = "<group>";
		};
		CABDF1162590FD56006F420A /* Products */ = {
			isa = PBXGroup;
			children = (
				CABDF1152590FD56006F420A /* AggregateVolumeMenu.app */,
			);
			name = Products;
			sourceTree = "<group>";
		};
		CABDF1172590FD56006F420A /* AggregateVolumeMenu */ = {
			isa = PBXGroup;
			children = (
				CABDF12E25911571006F420A /* MyApplication.swift */,
				CABDF1182590FD56006F420A /* AppDelegate.swift */,
				CABDF11A2590FD56006F420A /* ViewController.swift */,
				CABDF11C2590FD57006F420A /* Assets.xcassets */,
				CABDF11E2590FD57006F420A /* Main.storyboard */,
				CABDF1212590FD57006F420A /* Info.plist */,
				CABDF1222590FD57006F420A /* AggregateVolumeMenu.entitlements */,
				CABDF135259138E8006F420A /* AggregateVolumeControl.swift */,
			);
			path = AggregateVolumeMenu;
			sourceTree = "<group>";
		};
/* End PBXGroup section */

/* Begin PBXNativeTarget section */
		CABDF1142590FD56006F420A /* AggregateVolumeMenu */ = {
			isa = PBXNativeTarget;
			buildConfigurationList = CABDF1252590FD57006F420A /* Build configuration list for PBXNativeTarget "AggregateVolumeMenu" */;
			buildPhases = (
				CABDF1112590FD56006F420A /* Sources */,
				CABDF1122590FD56006F420A /* Frameworks */,
				CABDF1132590FD56006F420A /* Resources */,
			);
			buildRules = (
			);
			dependencies = (
			);
			name = AggregateVolumeMenu;
			productName = AggregateVolumeMenu;
			productReference = CABDF1152590FD56006F420A /* AggregateVolumeMenu.app */;
			productType = "com.apple.product-type.application";
		};
/* End PBXNativeTarget section */

/* Begin PBXProject section */
		CABDF10D2590FD56006F420A /* Project object */ = {
			isa = PBXProject;
			attributes = {
				LastSwiftUpdateCheck = 1230;
				LastUpgradeCheck = 1230;
				TargetAttributes = {
					CABDF1142590FD56006F420A = {
						CreatedOnToolsVersion = 12.3;
					};
				};
			};
			buildConfigurationList = CABDF1102590FD56006F420A /* Build configuration list for PBXProject "AggregateVolumeMenu" */;
			compatibilityVersion = "Xcode 9.3";
			developmentRegion = en;
			hasScannedForEncodings = 0;
			knownRegions = (
				en,
				Base,
			);
			mainGroup = CABDF10C2590FD56006F420A;
			productRefGroup = CABDF1162590FD56006F420A /* Products */;
			projectDirPath = "";
			projectRoot = "";
			targets = (
				CABDF1142590FD56006F420A /* AggregateVolumeMenu */,
			);
		};
/* End PBXProject section */

/* Begin PBXResourcesBuildPhase section */
		CABDF1132590FD56006F420A /* Resources */ = {
			isa = PBXResourcesBuildPhase;
			buildActionMask = 2147483647;
			files = (
				CABDF11D2590FD57006F420A /* Assets.xcassets in Resources */,
				CABDF1202590FD57006F420A /* Main.storyboard in Resources */,
			);
			runOnlyForDeploymentPostprocessing = 0;
		};
/* End PBXResourcesBuildPhase section */

/* Begin PBXSourcesBuildPhase section */
		CABDF1112590FD56006F420A /* Sources */ = {
			isa = PBXSourcesBuildPhase;
			buildActionMask = 2147483647;
			files = (
				CABDF13225911675006F420A /* MyApplication.swift in Sources */,
				CABDF11B2590FD56006F420A /* ViewController.swift in Sources */,
				CABDF1192590FD56006F420A /* AppDelegate.swift in Sources */,
				CABDF136259138E8006F420A /* AggregateVolumeControl.swift in Sources */,
			);
			runOnlyForDeploymentPostprocessing = 0;
		};
/* End PBXSourcesBuildPhase section */

/* Begin PBXVariantGroup section */
		CABDF11E2590FD57006F420A /* Main.storyboard */ = {
			isa = PBXVariantGroup;
			children = (
				CABDF11F2590FD57006F420A /* Base */,
			);
			name = Main.storyboard;
			sourceTree = "<group>";
		};
/* End PBXVariantGroup section */

/* Begin XCBuildConfiguration section */
		CABDF1232590FD57006F420A /* Debug */ = {
			isa = XCBuildConfiguration;
			buildSettings = {
				ALWAYS_SEARCH_USER_PATHS = NO;
				CLANG_ANALYZER_NONNULL = YES;
				CLANG_ANALYZER_NUMBER_OBJECT_CONVERSION = YES_AGGRESSIVE;
				CLANG_CXX_LANGUAGE_STANDARD = "gnu++14";
				CLANG_CXX_LIBRARY = "libc++";
				CLANG_ENABLE_MODULES = YES;
				CLANG_ENABLE_OBJC_ARC = YES;
				CLANG_ENABLE_OBJC_WEAK = YES;
				CLANG_WARN_BLOCK_CAPTURE_AUTORELEASING = YES;
				CLANG_WARN_BOOL_CONVERSION = YES;
				CLANG_WARN_COMMA = YES;
				CLANG_WARN_CONSTANT_CONVERSION = YES;
				CLANG_WARN_DEPRECATED_OBJC_IMPLEMENTATIONS = YES;
				CLANG_WARN_DIRECT_OBJC_ISA_USAGE = YES_ERROR;
				CLANG_WARN_DOCUMENTATION_COMMENTS = YES;
				CLANG_WARN_EMPTY_BODY = YES;
				CLANG_WARN_ENUM_CONVERSION = YES;
				CLANG_WARN_INFINITE_RECURSION = YES;
				CLANG_WARN_INT_CONVERSION = YES;
				CLANG_WARN_NON_LITERAL_NULL_CONVERSION = YES;
				CLANG_WARN_OBJC_IMPLICIT_RETAIN_SELF = YES;
				CLANG_WARN_OBJC_LITERAL_CONVERSION = YES;
				CLANG_WARN_OBJC_ROOT_CLASS = YES_ERROR;
				CLANG_WARN_QUOTED_INCLUDE_IN_FRAMEWORK_HEADER = YES;
				CLANG_WARN_RANGE_LOOP_ANALYSIS = YES;
				CLANG_WARN_STRICT_PROTOTYPES = YES;
				CLANG_WARN_SUSPICIOUS_MOVE = YES;
				CLANG_WARN_UNGUARDED_AVAILABILITY = YES_AGGRESSIVE;
				CLANG_WARN_UNREACHABLE_CODE = YES;
				CLANG_WARN__DUPLICATE_METHOD_MATCH = YES;
				COPY_PHASE_STRIP = NO;
				DEBUG_INFORMATION_FORMAT = dwarf;
				ENABLE_STRICT_OBJC_MSGSEND = YES;
				ENABLE_TESTABILITY = YES;
				GCC_C_LANGUAGE_STANDARD = gnu11;
				GCC_DYNAMIC_NO_PIC = NO;
				GCC_NO_COMMON_BLOCKS = YES;
				GCC_OPTIMIZATION_LEVEL = 0;
				GCC_PREPROCESSOR_DEFINITIONS = (
					"DEBUG=1",
					"$(inherited)",
				);
				GCC_WARN_64_TO_32_BIT_CONVERSION = YES;
				GCC_WARN_ABOUT_RETURN_TYPE = YES_ERROR;
				GCC_WARN_UNDECLARED_SELECTOR = YES;
				GCC_WARN_UNINITIALIZED_AUTOS = YES_AGGRESSIVE;
				GCC_WARN_UNUSED_FUNCTION = YES;
				GCC_WARN_UNUSED_VARIABLE = YES;
				MACOSX_DEPLOYMENT_TARGET = 10.10;
				MTL_ENABLE_DEBUG_INFO = INCLUDE_SOURCE;
				MTL_FAST_MATH = YES;
				ONLY_ACTIVE_ARCH = YES;
				SDKROOT = macosx;
				SWIFT_ACTIVE_COMPILATION_CONDITIONS = DEBUG;
				SWIFT_OPTIMIZATION_LEVEL = "-Onone";
			};
			name = Debug;
		};
		CABDF1242590FD57006F420A /* Release */ = {
			isa = XCBuildConfiguration;
			buildSettings = {
				ALWAYS_SEARCH_USER_PATHS = NO;
				CLANG_ANALYZER_NONNULL = YES;
				CLANG_ANALYZER_NUMBER_OBJECT_CONVERSION = YES_AGGRESSIVE;
				CLANG_CXX_LANGUAGE_STANDARD = "gnu++14";
				CLANG_CXX_LIBRARY = "libc++";
				CLANG_ENABLE_MODULES = YES;
				CLANG_ENABLE_OBJC_ARC = YES;
				CLANG_ENABLE_OBJC_WEAK = YES;
				CLANG_WARN_BLOCK_CAPTURE_AUTORELEASING = YES;
				CLANG_WARN_BOOL_CONVERSION = YES;
				CLANG_WARN_COMMA = YES;
				CLANG_WARN_CONSTANT_CONVERSION = YES;
				CLANG_WARN_DEPRECATED_OBJC_IMPLEMENTATIONS = YES;
				CLANG_WARN_DIRECT_OBJC_ISA_USAGE = YES_ERROR;
				CLANG_WARN_DOCUMENTATION_COMMENTS = YES;
				CLANG_WARN_EMPTY_BODY = YES;
				CLANG_WARN_ENUM_CONVERSION = YES;
				CLANG_WARN_INFINITE_RECURSION = YES;
				CLANG_WARN_INT_CONVERSION = YES;
				CLANG_WARN_NON_LITERAL_NULL_CONVERSION = YES;
				CLANG_WARN_OBJC_IMPLICIT_RETAIN_SELF = YES;
				CLANG_WARN_OBJC_LITERAL_CONVERSION = YES;
				CLANG_WARN_OBJC_ROOT_CLASS = YES_ERROR;
				CLANG_WARN_QUOTED_INCLUDE_IN_FRAMEWORK_HEADER = YES;
				CLANG_WARN_RANGE_LOOP_ANALYSIS = YES;
				CLANG_WARN_STRICT_PROTOTYPES = YES;
				CLANG_WARN_SUSPICIOUS_MOVE = YES;
				CLANG_WARN_UNGUARDED_AVAILABILITY = YES_AGGRESSIVE;
				CLANG_WARN_UNREACHABLE_CODE = YES;
				CLANG_WARN__DUPLICATE_METHOD_MATCH = YES;
				COPY_PHASE_STRIP = NO;
				DEBUG_INFORMATION_FORMAT = "dwarf-with-dsym";
				ENABLE_NS_ASSERTIONS = NO;
				ENABLE_STRICT_OBJC_MSGSEND = YES;
				GCC_C_LANGUAGE_STANDARD = gnu11;
				GCC_NO_COMMON_BLOCKS = YES;
				GCC_WARN_64_TO_32_BIT_CONVERSION = YES;
				GCC_WARN_ABOUT_RETURN_TYPE = YES_ERROR;
				GCC_WARN_UNDECLARED_SELECTOR = YES;
				GCC_WARN_UNINITIALIZED_AUTOS = YES_AGGRESSIVE;
				GCC_WARN_UNUSED_FUNCTION = YES;
				GCC_WARN_UNUSED_VARIABLE = YES;
				MACOSX_DEPLOYMENT_TARGET = 10.10;
				MTL_ENABLE_DEBUG_INFO = NO;
				MTL_FAST_MATH = YES;
				SDKROOT = macosx;
				SWIFT_COMPILATION_MODE = wholemodule;
				SWIFT_OPTIMIZATION_LEVEL = "-O";
			};
			name = Release;
		};
		CABDF1262590FD57006F420A /* Debug */ = {
			isa = XCBuildConfiguration;
			buildSettings = {
				ASSETCATALOG_COMPILER_GLOBAL_ACCENT_COLOR_NAME = AccentColor;
				CODE_SIGN_ENTITLEMENTS = AggregateVolumeMenu/AggregateVolumeMenu.entitlements;
				CODE_SIGN_STYLE = Automatic;
				COMBINE_HIDPI_IMAGES = YES;
				INFOPLIST_FILE = AggregateVolumeMenu/Info.plist;
				LD_RUNPATH_SEARCH_PATHS = (
					"$(inherited)",
					"@executable_path/../Frameworks",
				);
				MARKETING_VERSION = 1.3;
				PRODUCT_BUNDLE_IDENTIFIER = com.guru.AggregateVolumeMenu;
				PRODUCT_NAME = "$(TARGET_NAME)";
				SWIFT_VERSION = 5.0;
			};
			name = Debug;
		};
		CABDF1272590FD57006F420A /* Release */ = {
			isa = XCBuildConfiguration;
			buildSettings = {
				ASSETCATALOG_COMPILER_GLOBAL_ACCENT_COLOR_NAME = AccentColor;
				CODE_SIGN_ENTITLEMENTS = AggregateVolumeMenu/AggregateVolumeMenu.entitlements;
				CODE_SIGN_STYLE = Automatic;
				COMBINE_HIDPI_IMAGES = YES;
				INFOPLIST_FILE = AggregateVolumeMenu/Info.plist;
				LD_RUNPATH_SEARCH_PATHS = (
					"$(inherited)",
					"@executable_path/../Frameworks",
				);
				MARKETING_VERSION = 1.3;
				PRODUCT_BUNDLE_IDENTIFIER = com.guru.AggregateVolumeMenu;
				PRODUCT_NAME = "$(TARGET_NAME)";
				SWIFT_VERSION = 5.0;
			};
			name = Release;
		};
/* End XCBuildConfiguration section */

/* Begin XCConfigurationList section */
		CABDF1102590FD56006F420A /* Build configuration list for PBXProject "AggregateVolumeMenu" */ = {
			isa = XCConfigurationList;
			buildConfigurations = (
				CABDF1232590FD57006F420A /* Debug */,
				CABDF1242590FD57006F420A /* Release */,
			);
			defaultConfigurationIsVisible = 0;
			defaultConfigurationName = Release;
		};
		CABDF1252590FD57006F420A /* Build configuration list for PBXNativeTarget "AggregateVolumeMenu" */ = {
			isa = XCConfigurationList;
			buildConfigurations = (
				CABDF1262590FD57006F420A /* Debug */,
				CABDF1272590FD57006F420A /* Release */,
			);
			defaultConfigurationIsVisible = 0;
			defaultConfigurationName = Release;
		};
/* End XCConfigurationList section */
	};
	rootObject = CABDF10D2590FD56006F420A /* Project object */;
}
